// !$*UTF8*$!
{
	archiveVersion = 1;
	classes = {
	};
	objectVersion = 46;
	objects = {

/* Begin PBXBuildFile section */
		FC11D91719F339FD00411672 /* AppDelegate.m in Sources */ = {isa = PBXBuildFile; fileRef = FC11D91619F339FD00411672 /* AppDelegate.m */; };
		FC11D91919F339FD00411672 /* main.m in Sources */ = {isa = PBXBuildFile; fileRef = FC11D91819F339FD00411672 /* main.m */; };
		FC11D91B19F339FD00411672 /* Images.xcassets in Resources */ = {isa = PBXBuildFile; fileRef = FC11D91A19F339FD00411672 /* Images.xcassets */; };
		FC11D91E19F339FD00411672 /* MainMenu.xib in Resources */ = {isa = PBXBuildFile; fileRef = FC11D91C19F339FD00411672 /* MainMenu.xib */; };
		FC11D92A19F339FD00411672 /* TestTests.m in Sources */ = {isa = PBXBuildFile; fileRef = FC11D92919F339FD00411672 /* TestTests.m */; };
/* End PBXBuildFile section */

/* Begin PBXContainerItemProxy section */
		FC11D92419F339FD00411672 /* PBXContainerItemProxy */ = {
			isa = PBXContainerItemProxy;
			containerPortal = FC11D90819F339FD00411672 /* Project object */;
			proxyType = 1;
			remoteGlobalIDString = FC11D90F19F339FD00411672;
			remoteInfo = Test;
		};
/* End PBXContainerItemProxy section */

/* Begin PBXFileReference section */
		FC11D91019F339FD00411672 /* Test.app */ = {isa = PBXFileReference; explicitFileType = wrapper.application; includeInIndex = 0; path = Test.app; sourceTree = BUILT_PRODUCTS_DIR; };
		FC11D91419F339FD00411672 /* Info.plist */ = {isa = PBXFileReference; lastKnownFileType = text.plist.xml; path = Info.plist; sourceTree = "<group>"; };
		FC11D91519F339FD00411672 /* AppDelegate.h */ = {isa = PBXFileReference; lastKnownFileType = sourcecode.c.h; path = AppDelegate.h; sourceTree = "<group>"; };
		FC11D91619F339FD00411672 /* AppDelegate.m */ = {isa = PBXFileReference; lastKnownFileType = sourcecode.c.objc; path = AppDelegate.m; sourceTree = "<group>"; };
		FC11D91819F339FD00411672 /* main.m */ = {isa = PBXFileReference; lastKnownFileType = sourcecode.c.objc; path = main.m; sourceTree = "<group>"; };
		FC11D91A19F339FD00411672 /* Images.xcassets */ = {isa = PBXFileReference; lastKnownFileType = folder.assetcatalog; path = Images.xcassets; sourceTree = "<group>"; };
		FC11D91D19F339FD00411672 /* Base */ = {isa = PBXFileReference; lastKnownFileType = file.xib; name = Base; path = Base.lproj/MainMenu.xib; sourceTree = "<group>"; };
		FC11D92319F339FD00411672 /* TestTests.xctest */ = {isa = PBXFileReference; explicitFileType = wrapper.cfbundle; includeInIndex = 0; path = TestTests.xctest; sourceTree = BUILT_PRODUCTS_DIR; };
		FC11D92819F339FD00411672 /* Info.plist */ = {isa = PBXFileReference; lastKnownFileType = text.plist.xml; path = Info.plist; sourceTree = "<group>"; };
		FC11D92919F339FD00411672 /* TestTests.m */ = {isa = PBXFileReference; lastKnownFileType = sourcecode.c.objc; path = TestTests.m; sourceTree = "<group>"; };
/* End PBXFileReference section */

/* Begin PBXFrameworksBuildPhase section */
		FC11D90D19F339FD00411672 /* Frameworks */ = {
			isa = PBXFrameworksBuildPhase;
			buildActionMask = 2147483647;
			files = (
			);
			runOnlyForDeploymentPostprocessing = 0;
		};
		FC11D92019F339FD00411672 /* Frameworks */ = {
			isa = PBXFrameworksBuildPhase;
			buildActionMask = 2147483647;
			files = (
			);
			runOnlyForDeploymentPostprocessing = 0;
		};
/* End PBXFrameworksBuildPhase section */

/* Begin PBXGroup section */
		FC11D90719F339FD00411672 = {
			isa = PBXGroup;
			children = (
				FC11D91219F339FD00411672 /* Test */,
				FC11D92619F339FD00411672 /* TestTests */,
				FC11D91119F339FD00411672 /* Products */,
			);
			sourceTree = "<group>";
		};
		FC11D91119F339FD00411672 /* Products */ = {
			isa = PBXGroup;
			children = (
				FC11D91019F339FD00411672 /* Test.app */,
				FC11D92319F339FD00411672 /* TestTests.xctest */,
			);
			name = Products;
			sourceTree = "<group>";
		};
		FC11D91219F339FD00411672 /* Test */ = {
			isa = PBXGroup;
			children = (
				FC11D91519F339FD00411672 /* AppDelegate.h */,
				FC11D91619F339FD00411672 /* AppDelegate.m */,
				FC11D91A19F339FD00411672 /* Images.xcassets */,
				FC11D91C19F339FD00411672 /* MainMenu.xib */,
				FC11D91319F339FD00411672 /* Supporting Files */,
			);
			path = Test;
			sourceTree = "<group>";
		};
		FC11D91319F339FD00411672 /* Supporting Files */ = {
			isa = PBXGroup;
			children = (
				FC11D91419F339FD00411672 /* Info.plist */,
				FC11D91819F339FD00411672 /* main.m */,
			);
			name = "Supporting Files";
			sourceTree = "<group>";
		};
		FC11D92619F339FD00411672 /* TestTests */ = {
			isa = PBXGroup;
			children = (
				FC11D92919F339FD00411672 /* TestTests.m */,
				FC11D92719F339FD00411672 /* Supporting Files */,
			);
			path = TestTests;
			sourceTree = "<group>";
		};
		FC11D92719F339FD00411672 /* Supporting Files */ = {
			isa = PBXGroup;
			children = (
				FC11D92819F339FD00411672 /* Info.plist */,
			);
			name = "Supporting Files";
			sourceTree = "<group>";
		};
/* End PBXGroup section */

/* Begin PBXNativeTarget section */
		FC11D90F19F339FD00411672 /* Test */ = {
			isa = PBXNativeTarget;
			buildConfigurationList = FC11D92D19F339FD00411672 /* Build configuration list for PBXNativeTarget "Test" */;
			buildPhases = (
				FC11D90C19F339FD00411672 /* Sources */,
				FC11D90D19F339FD00411672 /* Frameworks */,
				FC11D90E19F339FD00411672 /* Resources */,
			);
			buildRules = (
			);
			dependencies = (
			);
			name = Test;
			productName = Test;
			productReference = FC11D91019F339FD00411672 /* Test.app */;
			productType = "com.apple.product-type.application";
		};
		FC11D92219F339FD00411672 /* TestTests */ = {
			isa = PBXNativeTarget;
			buildConfigurationList = FC11D93019F339FD00411672 /* Build configuration list for PBXNativeTarget "TestTests" */;
			buildPhases = (
				FC11D91F19F339FD00411672 /* Sources */,
				FC11D92019F339FD00411672 /* Frameworks */,
				FC11D92119F339FD00411672 /* Resources */,
			);
			buildRules = (
			);
			dependencies = (
				FC11D92519F339FD00411672 /* PBXTargetDependency */,
			);
			name = TestTests;
			productName = TestTests;
			productReference = FC11D92319F339FD00411672 /* TestTests.xctest */;
			productType = "com.apple.product-type.bundle.unit-test";
		};
/* End PBXNativeTarget section */

/* Begin PBXProject section */
		FC11D90819F339FD00411672 /* Project object */ = {
			isa = PBXProject;
			attributes = {
				LastUpgradeCheck = 0610;
				ORGANIZATIONNAME = "Jon Brown Designs";
				TargetAttributes = {
					FC11D90F19F339FD00411672 = {
						CreatedOnToolsVersion = 6.1;
					};
					FC11D92219F339FD00411672 = {
						CreatedOnToolsVersion = 6.1;
						TestTargetID = FC11D90F19F339FD00411672;
					};
				};
			};
			buildConfigurationList = FC11D90B19F339FD00411672 /* Build configuration list for PBXProject "Test" */;
			compatibilityVersion = "Xcode 3.2";
			developmentRegion = English;
			hasScannedForEncodings = 0;
			knownRegions = (
				en,
				Base,
			);
			mainGroup = FC11D90719F339FD00411672;
			productRefGroup = FC11D91119F339FD00411672 /* Products */;
			projectDirPath = "";
			projectRoot = "";
			targets = (
				FC11D90F19F339FD00411672 /* Test */,
				FC11D92219F339FD00411672 /* TestTests */,
			);
		};
/* End PBXProject section */

/* Begin PBXResourcesBuildPhase section */
		FC11D90E19F339FD00411672 /* Resources */ = {
			isa = PBXResourcesBuildPhase;
			buildActionMask = 2147483647;
			files = (
				FC11D91B19F339FD00411672 /* Images.xcassets in Resources */,
				FC11D91E19F339FD00411672 /* MainMenu.xib in Resources */,
			);
			runOnlyForDeploymentPostprocessing = 0;
		};
		FC11D92119F339FD00411672 /* Resources */ = {
			isa = PBXResourcesBuildPhase;
			buildActionMask = 2147483647;
			files = (
			);
			runOnlyForDeploymentPostprocessing = 0;
		};
/* End PBXResourcesBuildPhase section */

/* Begin PBXSourcesBuildPhase section */
		FC11D90C19F339FD00411672 /* Sources */ = {
			isa = PBXSourcesBuildPhase;
			buildActionMask = 2147483647;
			files = (
				FC11D91919F339FD00411672 /* main.m in Sources */,
				FC11D91719F339FD00411672 /* AppDelegate.m in Sources */,
			);
			runOnlyForDeploymentPostprocessing = 0;
		};
		FC11D91F19F339FD00411672 /* Sources */ = {
			isa = PBXSourcesBuildPhase;
			buildActionMask = 2147483647;
			files = (
				FC11D92A19F339FD00411672 /* TestTests.m in Sources */,
			);
			runOnlyForDeploymentPostprocessing = 0;
		};
/* End PBXSourcesBuildPhase section */

/* Begin PBXTargetDependency section */
		FC11D92519F339FD00411672 /* PBXTargetDependency */ = {
			isa = PBXTargetDependency;
			target = FC11D90F19F339FD00411672 /* Test */;
			targetProxy = FC11D92419F339FD00411672 /* PBXContainerItemProxy */;
		};
/* End PBXTargetDependency section */

/* Begin PBXVariantGroup section */
		FC11D91C19F339FD00411672 /* MainMenu.xib */ = {
			isa = PBXVariantGroup;
			children = (
				FC11D91D19F339FD00411672 /* Base */,
			);
			name = MainMenu.xib;
			sourceTree = "<group>";
		};
/* End PBXVariantGroup section */

/* Begin XCBuildConfiguration section */
		FC11D92B19F339FD00411672 /* Debug */ = {
			isa = XCBuildConfiguration;
			buildSettings = {
				ALWAYS_SEARCH_USER_PATHS = NO;
				CLANG_CXX_LANGUAGE_STANDARD = "gnu++0x";
				CLANG_CXX_LIBRARY = "libc++";
				CLANG_ENABLE_MODULES = YES;
				CLANG_ENABLE_OBJC_ARC = YES;
				CLANG_WARN_BOOL_CONVERSION = YES;
				CLANG_WARN_CONSTANT_CONVERSION = YES;
				CLANG_WARN_DIRECT_OBJC_ISA_USAGE = YES_ERROR;
				CLANG_WARN_EMPTY_BODY = YES;
				CLANG_WARN_ENUM_CONVERSION = YES;
				CLANG_WARN_INT_CONVERSION = YES;
				CLANG_WARN_OBJC_ROOT_CLASS = YES_ERROR;
				CLANG_WARN_UNREACHABLE_CODE = YES;
				CLANG_WARN__DUPLICATE_METHOD_MATCH = YES;
				CODE_SIGN_IDENTITY = "-";
				COPY_PHASE_STRIP = NO;
				ENABLE_STRICT_OBJC_MSGSEND = YES;
				GCC_C_LANGUAGE_STANDARD = gnu99;
				GCC_DYNAMIC_NO_PIC = NO;
				GCC_OPTIMIZATION_LEVEL = 0;
				GCC_PREPROCESSOR_DEFINITIONS = (
					"DEBUG=1",
					"$(inherited)",
				);
				GCC_SYMBOLS_PRIVATE_EXTERN = NO;
				GCC_WARN_64_TO_32_BIT_CONVERSION = YES;
				GCC_WARN_ABOUT_RETURN_TYPE = YES_ERROR;
				GCC_WARN_UNDECLARED_SELECTOR = YES;
				GCC_WARN_UNINITIALIZED_AUTOS = YES_AGGRESSIVE;
				GCC_WARN_UNUSED_FUNCTION = YES;
				GCC_WARN_UNUSED_VARIABLE = YES;
				MACOSX_DEPLOYMENT_TARGET = 10.10;
				MTL_ENABLE_DEBUG_INFO = YES;
				ONLY_ACTIVE_ARCH = YES;
				SDKROOT = macosx;
			};
			name = Debug;
		};
		FC11D92C19F339FD00411672 /* Release */ = {
			isa = XCBuildConfiguration;
			buildSettings = {
				ALWAYS_SEARCH_USER_PATHS = NO;
				CLANG_CXX_LANGUAGE_STANDARD = "gnu++0x";
				CLANG_CXX_LIBRARY = "libc++";
				CLANG_ENABLE_MODULES = YES;
				CLANG_ENABLE_OBJC_ARC = YES;
				CLANG_WARN_BOOL_CONVERSION = YES;
				CLANG_WARN_CONSTANT_CONVERSION = YES;
				CLANG_WARN_DIRECT_OBJC_ISA_USAGE = YES_ERROR;
				CLANG_WARN_EMPTY_BODY = YES;
				CLANG_WARN_ENUM_CONVERSION = YES;
				CLANG_WARN_INT_CONVERSION = YES;
				CLANG_WARN_OBJC_ROOT_CLASS = YES_ERROR;
				CLANG_WARN_UNREACHABLE_CODE = YES;
				CLANG_WARN__DUPLICATE_METHOD_MATCH = YES;
				CODE_SIGN_IDENTITY = "-";
				COPY_PHASE_STRIP = YES;
				DEBUG_INFORMATION_FORMAT = "dwarf-with-dsym";
				ENABLE_NS_ASSERTIONS = NO;
				ENABLE_STRICT_OBJC_MSGSEND = YES;
				GCC_C_LANGUAGE_STANDARD = gnu99;
				GCC_WARN_64_TO_32_BIT_CONVERSION = YES;
				GCC_WARN_ABOUT_RETURN_TYPE = YES_ERROR;
				GCC_WARN_UNDECLARED_SELECTOR = YES;
				GCC_WARN_UNINITIALIZED_AUTOS = YES_AGGRESSIVE;
				GCC_WARN_UNUSED_FUNCTION = YES;
				GCC_WARN_UNUSED_VARIABLE = YES;
				MACOSX_DEPLOYMENT_TARGET = 10.10;
				MTL_ENABLE_DEBUG_INFO = NO;
				SDKROOT = macosx;
			};
			name = Release;
		};
		FC11D92E19F339FD00411672 /* Debug */ = {
			isa = XCBuildConfiguration;
			buildSettings = {
				ASSETCATALOG_COMPILER_APPICON_NAME = AppIcon;
				COMBINE_HIDPI_IMAGES = YES;
				INFOPLIST_FILE = Test/Info.plist;
				LD_RUNPATH_SEARCH_PATHS = "$(inherited) @executable_path/../Frameworks";
				PRODUCT_NAME = "$(TARGET_NAME)";
			};
			name = Debug;
		};
		FC11D92F19F339FD00411672 /* Release */ = {
			isa = XCBuildConfiguration;
			buildSettings = {
				ASSETCATALOG_COMPILER_APPICON_NAME = AppIcon;
				COMBINE_HIDPI_IMAGES = YES;
				INFOPLIST_FILE = Test/Info.plist;
				LD_RUNPATH_SEARCH_PATHS = "$(inherited) @executable_path/../Frameworks";
				PRODUCT_NAME = "$(TARGET_NAME)";
			};
			name = Release;
		};
		FC11D93119F339FD00411672 /* Debug */ = {
			isa = XCBuildConfiguration;
			buildSettings = {
				BUNDLE_LOADER = "$(TEST_HOST)";
				COMBINE_HIDPI_IMAGES = YES;
				FRAMEWORK_SEARCH_PATHS = (
					"$(DEVELOPER_FRAMEWORKS_DIR)",
					"$(inherited)",
				);
				GCC_PREPROCESSOR_DEFINITIONS = (
					"DEBUG=1",
					"$(inherited)",
				);
				INFOPLIST_FILE = TestTests/Info.plist;
				LD_RUNPATH_SEARCH_PATHS = "$(inherited) @executable_path/../Frameworks @loader_path/../Frameworks";
				PRODUCT_NAME = "$(TARGET_NAME)";
				TEST_HOST = "$(BUILT_PRODUCTS_DIR)/Test.app/Contents/MacOS/Test";
			};
			name = Debug;
		};
		FC11D93219F339FD00411672 /* Release */ = {
			isa = XCBuildConfiguration;
			buildSettings = {
				BUNDLE_LOADER = "$(TEST_HOST)";
				COMBINE_HIDPI_IMAGES = YES;
				FRAMEWORK_SEARCH_PATHS = (
					"$(DEVELOPER_FRAMEWORKS_DIR)",
					"$(inherited)",
				);
				INFOPLIST_FILE = TestTests/Info.plist;
				LD_RUNPATH_SEARCH_PATHS = "$(inherited) @executable_path/../Frameworks @loader_path/../Frameworks";
				PRODUCT_NAME = "$(TARGET_NAME)";
				TEST_HOST = "$(BUILT_PRODUCTS_DIR)/Test.app/Contents/MacOS/Test";
			};
			name = Release;
		};
/* End XCBuildConfiguration section */

/* Begin XCConfigurationList section */
		FC11D90B19F339FD00411672 /* Build configuration list for PBXProject "Test" */ = {
			isa = XCConfigurationList;
			buildConfigurations = (
				FC11D92B19F339FD00411672 /* Debug */,
				FC11D92C19F339FD00411672 /* Release */,
			);
			defaultConfigurationIsVisible = 0;
			defaultConfigurationName = Release;
		};
		FC11D92D19F339FD00411672 /* Build configuration list for PBXNativeTarget "Test" */ = {
			isa = XCConfigurationList;
			buildConfigurations = (
				FC11D92E19F339FD00411672 /* Debug */,
				FC11D92F19F339FD00411672 /* Release */,
			);
			defaultConfigurationIsVisible = 0;
		};
		FC11D93019F339FD00411672 /* Build configuration list for PBXNativeTarget "TestTests" */ = {
			isa = XCConfigurationList;
			buildConfigurations = (
				FC11D93119F339FD00411672 /* Debug */,
				FC11D93219F339FD00411672 /* Release */,
			);
			defaultConfigurationIsVisible = 0;
		};
/* End XCConfigurationList section */
	};
	rootObject = FC11D90819F339FD00411672 /* Project object */;
}
